// !$*UTF8*$!
{
	archiveVersion = 1;
	classes = {
	};
	objectVersion = 50;
	objects = {

/* Begin PBXBuildFile section */
		2235F7DBFBD38156115AF39E /* Pods_Petgram.framework in Frameworks */ = {isa = PBXBuildFile; fileRef = 26CEBDB4A94A1EE6D22E9F7F /* Pods_Petgram.framework */; };
		465B04DF225B21AF00F071A3 /* GoogleService-Info.plist in Resources */ = {isa = PBXBuildFile; fileRef = 465B04DE225B21AF00F071A3 /* GoogleService-Info.plist */; };
		469648E6225B040900D22DB9 /* AppDelegate.swift in Sources */ = {isa = PBXBuildFile; fileRef = 469648E5225B040900D22DB9 /* AppDelegate.swift */; };
		469648E8225B040900D22DB9 /* FirstViewController.swift in Sources */ = {isa = PBXBuildFile; fileRef = 469648E7225B040900D22DB9 /* FirstViewController.swift */; };
		469648EA225B040900D22DB9 /* SecondViewController.swift in Sources */ = {isa = PBXBuildFile; fileRef = 469648E9225B040900D22DB9 /* SecondViewController.swift */; };
		469648ED225B040900D22DB9 /* Main.storyboard in Resources */ = {isa = PBXBuildFile; fileRef = 469648EB225B040900D22DB9 /* Main.storyboard */; };
		469648EF225B040A00D22DB9 /* Assets.xcassets in Resources */ = {isa = PBXBuildFile; fileRef = 469648EE225B040A00D22DB9 /* Assets.xcassets */; };
		469648F2225B040A00D22DB9 /* LaunchScreen.storyboard in Resources */ = {isa = PBXBuildFile; fileRef = 469648F0225B040A00D22DB9 /* LaunchScreen.storyboard */; };
		469648FD225B040B00D22DB9 /* PetgramTests.swift in Sources */ = {isa = PBXBuildFile; fileRef = 469648FC225B040B00D22DB9 /* PetgramTests.swift */; };
		46964908225B040B00D22DB9 /* PetgramUITests.swift in Sources */ = {isa = PBXBuildFile; fileRef = 46964907225B040B00D22DB9 /* PetgramUITests.swift */; };
		67E27441EE40C54CC6970365 /* Pods_PetgramTests.framework in Frameworks */ = {isa = PBXBuildFile; fileRef = 1D557A139508E50510F2CE78 /* Pods_PetgramTests.framework */; };
		C1AD494BA4D1CA3CBD5CB876 /* Pods_PetgramUITests.framework in Frameworks */ = {isa = PBXBuildFile; fileRef = 036DF33E4359AAF2466AF25E /* Pods_PetgramUITests.framework */; };
/* End PBXBuildFile section */

/* Begin PBXContainerItemProxy section */
		469648F9225B040B00D22DB9 /* PBXContainerItemProxy */ = {
			isa = PBXContainerItemProxy;
			containerPortal = 469648DA225B040800D22DB9 /* Project object */;
			proxyType = 1;
			remoteGlobalIDString = 469648E1225B040800D22DB9;
			remoteInfo = Petgram;
		};
		46964904225B040B00D22DB9 /* PBXContainerItemProxy */ = {
			isa = PBXContainerItemProxy;
			containerPortal = 469648DA225B040800D22DB9 /* Project object */;
			proxyType = 1;
			remoteGlobalIDString = 469648E1225B040800D22DB9;
			remoteInfo = Petgram;
		};
/* End PBXContainerItemProxy section */

/* Begin PBXFileReference section */
		02A84D5567E23A023E742A70 /* Pods-Petgram.debug.xcconfig */ = {isa = PBXFileReference; includeInIndex = 1; lastKnownFileType = text.xcconfig; name = "Pods-Petgram.debug.xcconfig"; path = "Target Support Files/Pods-Petgram/Pods-Petgram.debug.xcconfig"; sourceTree = "<group>"; };
		036DF33E4359AAF2466AF25E /* Pods_PetgramUITests.framework */ = {isa = PBXFileReference; explicitFileType = wrapper.framework; includeInIndex = 0; path = Pods_PetgramUITests.framework; sourceTree = BUILT_PRODUCTS_DIR; };
		1D557A139508E50510F2CE78 /* Pods_PetgramTests.framework */ = {isa = PBXFileReference; explicitFileType = wrapper.framework; includeInIndex = 0; path = Pods_PetgramTests.framework; sourceTree = BUILT_PRODUCTS_DIR; };
		26CEBDB4A94A1EE6D22E9F7F /* Pods_Petgram.framework */ = {isa = PBXFileReference; explicitFileType = wrapper.framework; includeInIndex = 0; path = Pods_Petgram.framework; sourceTree = BUILT_PRODUCTS_DIR; };
		465B04DE225B21AF00F071A3 /* GoogleService-Info.plist */ = {isa = PBXFileReference; fileEncoding = 4; lastKnownFileType = text.plist.xml; path = "GoogleService-Info.plist"; sourceTree = "<group>"; };
		469648E2225B040800D22DB9 /* Petgram.app */ = {isa = PBXFileReference; explicitFileType = wrapper.application; includeInIndex = 0; path = Petgram.app; sourceTree = BUILT_PRODUCTS_DIR; };
		469648E5225B040900D22DB9 /* AppDelegate.swift */ = {isa = PBXFileReference; lastKnownFileType = sourcecode.swift; path = AppDelegate.swift; sourceTree = "<group>"; };
		469648E7225B040900D22DB9 /* FirstViewController.swift */ = {isa = PBXFileReference; lastKnownFileType = sourcecode.swift; path = FirstViewController.swift; sourceTree = "<group>"; };
		469648E9225B040900D22DB9 /* SecondViewController.swift */ = {isa = PBXFileReference; lastKnownFileType = sourcecode.swift; path = SecondViewController.swift; sourceTree = "<group>"; };
		469648EC225B040900D22DB9 /* Base */ = {isa = PBXFileReference; lastKnownFileType = file.storyboard; name = Base; path = Base.lproj/Main.storyboard; sourceTree = "<group>"; };
		469648EE225B040A00D22DB9 /* Assets.xcassets */ = {isa = PBXFileReference; lastKnownFileType = folder.assetcatalog; path = Assets.xcassets; sourceTree = "<group>"; };
		469648F1225B040A00D22DB9 /* Base */ = {isa = PBXFileReference; lastKnownFileType = file.storyboard; name = Base; path = Base.lproj/LaunchScreen.storyboard; sourceTree = "<group>"; };
		469648F3225B040A00D22DB9 /* Info.plist */ = {isa = PBXFileReference; lastKnownFileType = text.plist.xml; path = Info.plist; sourceTree = "<group>"; };
		469648F8225B040B00D22DB9 /* PetgramTests.xctest */ = {isa = PBXFileReference; explicitFileType = wrapper.cfbundle; includeInIndex = 0; path = PetgramTests.xctest; sourceTree = BUILT_PRODUCTS_DIR; };
		469648FC225B040B00D22DB9 /* PetgramTests.swift */ = {isa = PBXFileReference; lastKnownFileType = sourcecode.swift; path = PetgramTests.swift; sourceTree = "<group>"; };
		469648FE225B040B00D22DB9 /* Info.plist */ = {isa = PBXFileReference; lastKnownFileType = text.plist.xml; path = Info.plist; sourceTree = "<group>"; };
		46964903225B040B00D22DB9 /* PetgramUITests.xctest */ = {isa = PBXFileReference; explicitFileType = wrapper.cfbundle; includeInIndex = 0; path = PetgramUITests.xctest; sourceTree = BUILT_PRODUCTS_DIR; };
		46964907225B040B00D22DB9 /* PetgramUITests.swift */ = {isa = PBXFileReference; lastKnownFileType = sourcecode.swift; path = PetgramUITests.swift; sourceTree = "<group>"; };
		46964909225B040B00D22DB9 /* Info.plist */ = {isa = PBXFileReference; lastKnownFileType = text.plist.xml; path = Info.plist; sourceTree = "<group>"; };
		488A829196D2715448EDE29F /* Pods-Petgram.release.xcconfig */ = {isa = PBXFileReference; includeInIndex = 1; lastKnownFileType = text.xcconfig; name = "Pods-Petgram.release.xcconfig"; path = "Target Support Files/Pods-Petgram/Pods-Petgram.release.xcconfig"; sourceTree = "<group>"; };
		D272BC4293AF2E591DE71015 /* Pods-PetgramUITests.debug.xcconfig */ = {isa = PBXFileReference; includeInIndex = 1; lastKnownFileType = text.xcconfig; name = "Pods-PetgramUITests.debug.xcconfig"; path = "Target Support Files/Pods-PetgramUITests/Pods-PetgramUITests.debug.xcconfig"; sourceTree = "<group>"; };
		E61921CC5E8BC386955BD199 /* Pods-PetgramTests.release.xcconfig */ = {isa = PBXFileReference; includeInIndex = 1; lastKnownFileType = text.xcconfig; name = "Pods-PetgramTests.release.xcconfig"; path = "Target Support Files/Pods-PetgramTests/Pods-PetgramTests.release.xcconfig"; sourceTree = "<group>"; };
		EE90E3A1E43517C14CD68DAC /* Pods-PetgramTests.debug.xcconfig */ = {isa = PBXFileReference; includeInIndex = 1; lastKnownFileType = text.xcconfig; name = "Pods-PetgramTests.debug.xcconfig"; path = "Target Support Files/Pods-PetgramTests/Pods-PetgramTests.debug.xcconfig"; sourceTree = "<group>"; };
		F3AC4B79788EF069E891EF5F /* Pods-PetgramUITests.release.xcconfig */ = {isa = PBXFileReference; includeInIndex = 1; lastKnownFileType = text.xcconfig; name = "Pods-PetgramUITests.release.xcconfig"; path = "Target Support Files/Pods-PetgramUITests/Pods-PetgramUITests.release.xcconfig"; sourceTree = "<group>"; };
/* End PBXFileReference section */

/* Begin PBXFrameworksBuildPhase section */
		469648DF225B040800D22DB9 /* Frameworks */ = {
			isa = PBXFrameworksBuildPhase;
			buildActionMask = 2147483647;
			files = (
				2235F7DBFBD38156115AF39E /* Pods_Petgram.framework in Frameworks */,
			);
			runOnlyForDeploymentPostprocessing = 0;
		};
		469648F5225B040B00D22DB9 /* Frameworks */ = {
			isa = PBXFrameworksBuildPhase;
			buildActionMask = 2147483647;
			files = (
				67E27441EE40C54CC6970365 /* Pods_PetgramTests.framework in Frameworks */,
			);
			runOnlyForDeploymentPostprocessing = 0;
		};
		46964900225B040B00D22DB9 /* Frameworks */ = {
			isa = PBXFrameworksBuildPhase;
			buildActionMask = 2147483647;
			files = (
				C1AD494BA4D1CA3CBD5CB876 /* Pods_PetgramUITests.framework in Frameworks */,
			);
			runOnlyForDeploymentPostprocessing = 0;
		};
/* End PBXFrameworksBuildPhase section */

/* Begin PBXGroup section */
		469648D9225B040800D22DB9 = {
			isa = PBXGroup;
			children = (
				469648E4225B040800D22DB9 /* Petgram */,
				469648FB225B040B00D22DB9 /* PetgramTests */,
				46964906225B040B00D22DB9 /* PetgramUITests */,
				469648E3225B040800D22DB9 /* Products */,
				DAC4AF3D0371D319282182EE /* Pods */,
				ECD557B19B5BB7067412E3BA /* Frameworks */,
			);
			sourceTree = "<group>";
		};
		469648E3225B040800D22DB9 /* Products */ = {
			isa = PBXGroup;
			children = (
				469648E2225B040800D22DB9 /* Petgram.app */,
				469648F8225B040B00D22DB9 /* PetgramTests.xctest */,
				46964903225B040B00D22DB9 /* PetgramUITests.xctest */,
			);
			name = Products;
			sourceTree = "<group>";
		};
		469648E4225B040800D22DB9 /* Petgram */ = {
			isa = PBXGroup;
			children = (
				469648E5225B040900D22DB9 /* AppDelegate.swift */,
				469648E7225B040900D22DB9 /* FirstViewController.swift */,
				469648E9225B040900D22DB9 /* SecondViewController.swift */,
				469648EB225B040900D22DB9 /* Main.storyboard */,
				469648EE225B040A00D22DB9 /* Assets.xcassets */,
				469648F0225B040A00D22DB9 /* LaunchScreen.storyboard */,
				469648F3225B040A00D22DB9 /* Info.plist */,
				465B04DE225B21AF00F071A3 /* GoogleService-Info.plist */,
			);
			path = Petgram;
			sourceTree = "<group>";
		};
		469648FB225B040B00D22DB9 /* PetgramTests */ = {
			isa = PBXGroup;
			children = (
				469648FC225B040B00D22DB9 /* PetgramTests.swift */,
				469648FE225B040B00D22DB9 /* Info.plist */,
			);
			path = PetgramTests;
			sourceTree = "<group>";
		};
		46964906225B040B00D22DB9 /* PetgramUITests */ = {
			isa = PBXGroup;
			children = (
				46964907225B040B00D22DB9 /* PetgramUITests.swift */,
				46964909225B040B00D22DB9 /* Info.plist */,
			);
			path = PetgramUITests;
			sourceTree = "<group>";
		};
		DAC4AF3D0371D319282182EE /* Pods */ = {
			isa = PBXGroup;
			children = (
				02A84D5567E23A023E742A70 /* Pods-Petgram.debug.xcconfig */,
				488A829196D2715448EDE29F /* Pods-Petgram.release.xcconfig */,
				EE90E3A1E43517C14CD68DAC /* Pods-PetgramTests.debug.xcconfig */,
				E61921CC5E8BC386955BD199 /* Pods-PetgramTests.release.xcconfig */,
				D272BC4293AF2E591DE71015 /* Pods-PetgramUITests.debug.xcconfig */,
				F3AC4B79788EF069E891EF5F /* Pods-PetgramUITests.release.xcconfig */,
			);
			path = Pods;
			sourceTree = "<group>";
		};
		ECD557B19B5BB7067412E3BA /* Frameworks */ = {
			isa = PBXGroup;
			children = (
				26CEBDB4A94A1EE6D22E9F7F /* Pods_Petgram.framework */,
				1D557A139508E50510F2CE78 /* Pods_PetgramTests.framework */,
				036DF33E4359AAF2466AF25E /* Pods_PetgramUITests.framework */,
			);
			name = Frameworks;
			sourceTree = "<group>";
		};
/* End PBXGroup section */

/* Begin PBXNativeTarget section */
		469648E1225B040800D22DB9 /* Petgram */ = {
			isa = PBXNativeTarget;
			buildConfigurationList = 4696490C225B040B00D22DB9 /* Build configuration list for PBXNativeTarget "Petgram" */;
			buildPhases = (
				B332430EB319CAB1280559B1 /* [CP] Check Pods Manifest.lock */,
				469648DE225B040800D22DB9 /* Sources */,
				469648DF225B040800D22DB9 /* Frameworks */,
				469648E0225B040800D22DB9 /* Resources */,
				842E02AD6FA4B52BDFD28429 /* [CP] Embed Pods Frameworks */,
				465B04E0225B292F00F071A3 /* ShellScript */,
			);
			buildRules = (
			);
			dependencies = (
			);
			name = Petgram;
			productName = Petgram;
			productReference = 469648E2225B040800D22DB9 /* Petgram.app */;
			productType = "com.apple.product-type.application";
		};
		469648F7225B040B00D22DB9 /* PetgramTests */ = {
			isa = PBXNativeTarget;
			buildConfigurationList = 4696490F225B040B00D22DB9 /* Build configuration list for PBXNativeTarget "PetgramTests" */;
			buildPhases = (
				E535D96AEBFC7A9659740550 /* [CP] Check Pods Manifest.lock */,
				469648F4225B040B00D22DB9 /* Sources */,
				469648F5225B040B00D22DB9 /* Frameworks */,
				469648F6225B040B00D22DB9 /* Resources */,
			);
			buildRules = (
			);
			dependencies = (
				469648FA225B040B00D22DB9 /* PBXTargetDependency */,
			);
			name = PetgramTests;
			productName = PetgramTests;
			productReference = 469648F8225B040B00D22DB9 /* PetgramTests.xctest */;
			productType = "com.apple.product-type.bundle.unit-test";
		};
		46964902225B040B00D22DB9 /* PetgramUITests */ = {
			isa = PBXNativeTarget;
			buildConfigurationList = 46964912225B040B00D22DB9 /* Build configuration list for PBXNativeTarget "PetgramUITests" */;
			buildPhases = (
				E6E38F70A6E042901A88ACC4 /* [CP] Check Pods Manifest.lock */,
				469648FF225B040B00D22DB9 /* Sources */,
				46964900225B040B00D22DB9 /* Frameworks */,
				46964901225B040B00D22DB9 /* Resources */,
			);
			buildRules = (
			);
			dependencies = (
				46964905225B040B00D22DB9 /* PBXTargetDependency */,
			);
			name = PetgramUITests;
			productName = PetgramUITests;
			productReference = 46964903225B040B00D22DB9 /* PetgramUITests.xctest */;
			productType = "com.apple.product-type.bundle.ui-testing";
		};
/* End PBXNativeTarget section */

/* Begin PBXProject section */
		469648DA225B040800D22DB9 /* Project object */ = {
			isa = PBXProject;
			attributes = {
				LastSwiftUpdateCheck = 1010;
				LastUpgradeCheck = 1010;
				ORGANIZATIONNAME = "SHI LEI";
				TargetAttributes = {
					469648E1225B040800D22DB9 = {
						CreatedOnToolsVersion = 10.1;
					};
					469648F7225B040B00D22DB9 = {
						CreatedOnToolsVersion = 10.1;
						TestTargetID = 469648E1225B040800D22DB9;
					};
					46964902225B040B00D22DB9 = {
						CreatedOnToolsVersion = 10.1;
						TestTargetID = 469648E1225B040800D22DB9;
					};
				};
			};
			buildConfigurationList = 469648DD225B040800D22DB9 /* Build configuration list for PBXProject "Petgram" */;
			compatibilityVersion = "Xcode 9.3";
			developmentRegion = en;
			hasScannedForEncodings = 0;
			knownRegions = (
				en,
				Base,
			);
			mainGroup = 469648D9225B040800D22DB9;
			productRefGroup = 469648E3225B040800D22DB9 /* Products */;
			projectDirPath = "";
			projectRoot = "";
			targets = (
				469648E1225B040800D22DB9 /* Petgram */,
				469648F7225B040B00D22DB9 /* PetgramTests */,
				46964902225B040B00D22DB9 /* PetgramUITests */,
			);
		};
/* End PBXProject section */

/* Begin PBXResourcesBuildPhase section */
		469648E0225B040800D22DB9 /* Resources */ = {
			isa = PBXResourcesBuildPhase;
			buildActionMask = 2147483647;
			files = (
				469648F2225B040A00D22DB9 /* LaunchScreen.storyboard in Resources */,
				465B04DF225B21AF00F071A3 /* GoogleService-Info.plist in Resources */,
				469648EF225B040A00D22DB9 /* Assets.xcassets in Resources */,
				469648ED225B040900D22DB9 /* Main.storyboard in Resources */,
			);
			runOnlyForDeploymentPostprocessing = 0;
		};
		469648F6225B040B00D22DB9 /* Resources */ = {
			isa = PBXResourcesBuildPhase;
			buildActionMask = 2147483647;
			files = (
			);
			runOnlyForDeploymentPostprocessing = 0;
		};
		46964901225B040B00D22DB9 /* Resources */ = {
			isa = PBXResourcesBuildPhase;
			buildActionMask = 2147483647;
			files = (
			);
			runOnlyForDeploymentPostprocessing = 0;
		};
/* End PBXResourcesBuildPhase section */

/* Begin PBXShellScriptBuildPhase section */
		465B04E0225B292F00F071A3 /* ShellScript */ = {
			isa = PBXShellScriptBuildPhase;
			buildActionMask = 2147483647;
			files = (
			);
			inputFileListPaths = (
			);
			inputPaths = (
				"$(BUILT_PRODUCTS_DIR)/$(INFOPLIST_PATH)",
			);
			outputFileListPaths = (
			);
			outputPaths = (
			);
			runOnlyForDeploymentPostprocessing = 0;
			shellPath = /bin/sh;
			shellScript = "# Type a script or drag a script file from your workspace to insert its path.\n\"${PODS_ROOT}/Fabric/run\"\n";
		};
		842E02AD6FA4B52BDFD28429 /* [CP] Embed Pods Frameworks */ = {
			isa = PBXShellScriptBuildPhase;
			buildActionMask = 2147483647;
			files = (
			);
			inputFileListPaths = (
			);
			inputPaths = (
				"${PODS_ROOT}/Target Support Files/Pods-Petgram/Pods-Petgram-frameworks.sh",
				"${BUILT_PRODUCTS_DIR}/BoringSSL-GRPC/openssl_grpc.framework",
				"${BUILT_PRODUCTS_DIR}/GTMSessionFetcher/GTMSessionFetcher.framework",
				"${BUILT_PRODUCTS_DIR}/GoogleUtilities/GoogleUtilities.framework",
				"${BUILT_PRODUCTS_DIR}/Protobuf/Protobuf.framework",
				"${BUILT_PRODUCTS_DIR}/RxCocoa/RxCocoa.framework",
				"${BUILT_PRODUCTS_DIR}/RxSwift/RxSwift.framework",
				"${BUILT_PRODUCTS_DIR}/gRPC-C++/grpcpp.framework",
				"${BUILT_PRODUCTS_DIR}/gRPC-Core/grpc.framework",
				"${BUILT_PRODUCTS_DIR}/leveldb-library/leveldb.framework",
				"${BUILT_PRODUCTS_DIR}/nanopb/nanopb.framework",
			);
			name = "[CP] Embed Pods Frameworks";
			outputFileListPaths = (
			);
			outputPaths = (
				"${TARGET_BUILD_DIR}/${FRAMEWORKS_FOLDER_PATH}/openssl_grpc.framework",
				"${TARGET_BUILD_DIR}/${FRAMEWORKS_FOLDER_PATH}/GTMSessionFetcher.framework",
				"${TARGET_BUILD_DIR}/${FRAMEWORKS_FOLDER_PATH}/GoogleUtilities.framework",
				"${TARGET_BUILD_DIR}/${FRAMEWORKS_FOLDER_PATH}/Protobuf.framework",
				"${TARGET_BUILD_DIR}/${FRAMEWORKS_FOLDER_PATH}/RxCocoa.framework",
				"${TARGET_BUILD_DIR}/${FRAMEWORKS_FOLDER_PATH}/RxSwift.framework",
				"${TARGET_BUILD_DIR}/${FRAMEWORKS_FOLDER_PATH}/grpcpp.framework",
				"${TARGET_BUILD_DIR}/${FRAMEWORKS_FOLDER_PATH}/grpc.framework",
				"${TARGET_BUILD_DIR}/${FRAMEWORKS_FOLDER_PATH}/leveldb.framework",
				"${TARGET_BUILD_DIR}/${FRAMEWORKS_FOLDER_PATH}/nanopb.framework",
			);
			runOnlyForDeploymentPostprocessing = 0;
			shellPath = /bin/sh;
			shellScript = "\"${PODS_ROOT}/Target Support Files/Pods-Petgram/Pods-Petgram-frameworks.sh\"\n";
			showEnvVarsInLog = 0;
		};
		B332430EB319CAB1280559B1 /* [CP] Check Pods Manifest.lock */ = {
			isa = PBXShellScriptBuildPhase;
			buildActionMask = 2147483647;
			files = (
			);
			inputFileListPaths = (
			);
			inputPaths = (
				"${PODS_PODFILE_DIR_PATH}/Podfile.lock",
				"${PODS_ROOT}/Manifest.lock",
			);
			name = "[CP] Check Pods Manifest.lock";
			outputFileListPaths = (
			);
			outputPaths = (
				"$(DERIVED_FILE_DIR)/Pods-Petgram-checkManifestLockResult.txt",
			);
			runOnlyForDeploymentPostprocessing = 0;
			shellPath = /bin/sh;
			shellScript = "diff \"${PODS_PODFILE_DIR_PATH}/Podfile.lock\" \"${PODS_ROOT}/Manifest.lock\" > /dev/null\nif [ $? != 0 ] ; then\n    # print error to STDERR\n    echo \"error: The sandbox is not in sync with the Podfile.lock. Run 'pod install' or update your CocoaPods installation.\" >&2\n    exit 1\nfi\n# This output is used by Xcode 'outputs' to avoid re-running this script phase.\necho \"SUCCESS\" > \"${SCRIPT_OUTPUT_FILE_0}\"\n";
			showEnvVarsInLog = 0;
		};
		E535D96AEBFC7A9659740550 /* [CP] Check Pods Manifest.lock */ = {
			isa = PBXShellScriptBuildPhase;
			buildActionMask = 2147483647;
			files = (
			);
			inputFileListPaths = (
			);
			inputPaths = (
				"${PODS_PODFILE_DIR_PATH}/Podfile.lock",
				"${PODS_ROOT}/Manifest.lock",
			);
			name = "[CP] Check Pods Manifest.lock";
			outputFileListPaths = (
			);
			outputPaths = (
				"$(DERIVED_FILE_DIR)/Pods-PetgramTests-checkManifestLockResult.txt",
			);
			runOnlyForDeploymentPostprocessing = 0;
			shellPath = /bin/sh;
			shellScript = "diff \"${PODS_PODFILE_DIR_PATH}/Podfile.lock\" \"${PODS_ROOT}/Manifest.lock\" > /dev/null\nif [ $? != 0 ] ; then\n    # print error to STDERR\n    echo \"error: The sandbox is not in sync with the Podfile.lock. Run 'pod install' or update your CocoaPods installation.\" >&2\n    exit 1\nfi\n# This output is used by Xcode 'outputs' to avoid re-running this script phase.\necho \"SUCCESS\" > \"${SCRIPT_OUTPUT_FILE_0}\"\n";
			showEnvVarsInLog = 0;
		};
		E6E38F70A6E042901A88ACC4 /* [CP] Check Pods Manifest.lock */ = {
			isa = PBXShellScriptBuildPhase;
			buildActionMask = 2147483647;
			files = (
			);
			inputFileListPaths = (
			);
			inputPaths = (
				"${PODS_PODFILE_DIR_PATH}/Podfile.lock",
				"${PODS_ROOT}/Manifest.lock",
			);
			name = "[CP] Check Pods Manifest.lock";
			outputFileListPaths = (
			);
			outputPaths = (
				"$(DERIVED_FILE_DIR)/Pods-PetgramUITests-checkManifestLockResult.txt",
			);
			runOnlyForDeploymentPostprocessing = 0;
			shellPath = /bin/sh;
			shellScript = "diff \"${PODS_PODFILE_DIR_PATH}/Podfile.lock\" \"${PODS_ROOT}/Manifest.lock\" > /dev/null\nif [ $? != 0 ] ; then\n    # print error to STDERR\n    echo \"error: The sandbox is not in sync with the Podfile.lock. Run 'pod install' or update your CocoaPods installation.\" >&2\n    exit 1\nfi\n# This output is used by Xcode 'outputs' to avoid re-running this script phase.\necho \"SUCCESS\" > \"${SCRIPT_OUTPUT_FILE_0}\"\n";
			showEnvVarsInLog = 0;
		};
/* End PBXShellScriptBuildPhase section */

/* Begin PBXSourcesBuildPhase section */
		469648DE225B040800D22DB9 /* Sources */ = {
			isa = PBXSourcesBuildPhase;
			buildActionMask = 2147483647;
			files = (
				469648EA225B040900D22DB9 /* SecondViewController.swift in Sources */,
				469648E6225B040900D22DB9 /* AppDelegate.swift in Sources */,
				469648E8225B040900D22DB9 /* FirstViewController.swift in Sources */,
			);
			runOnlyForDeploymentPostprocessing = 0;
		};
		469648F4225B040B00D22DB9 /* Sources */ = {
			isa = PBXSourcesBuildPhase;
			buildActionMask = 2147483647;
			files = (
				469648FD225B040B00D22DB9 /* PetgramTests.swift in Sources */,
			);
			runOnlyForDeploymentPostprocessing = 0;
		};
		469648FF225B040B00D22DB9 /* Sources */ = {
			isa = PBXSourcesBuildPhase;
			buildActionMask = 2147483647;
			files = (
				46964908225B040B00D22DB9 /* PetgramUITests.swift in Sources */,
			);
			runOnlyForDeploymentPostprocessing = 0;
		};
/* End PBXSourcesBuildPhase section */

/* Begin PBXTargetDependency section */
		469648FA225B040B00D22DB9 /* PBXTargetDependency */ = {
			isa = PBXTargetDependency;
			target = 469648E1225B040800D22DB9 /* Petgram */;
			targetProxy = 469648F9225B040B00D22DB9 /* PBXContainerItemProxy */;
		};
		46964905225B040B00D22DB9 /* PBXTargetDependency */ = {
			isa = PBXTargetDependency;
			target = 469648E1225B040800D22DB9 /* Petgram */;
			targetProxy = 46964904225B040B00D22DB9 /* PBXContainerItemProxy */;
		};
/* End PBXTargetDependency section */

/* Begin PBXVariantGroup section */
		469648EB225B040900D22DB9 /* Main.storyboard */ = {
			isa = PBXVariantGroup;
			children = (
				469648EC225B040900D22DB9 /* Base */,
			);
			name = Main.storyboard;
			sourceTree = "<group>";
		};
		469648F0225B040A00D22DB9 /* LaunchScreen.storyboard */ = {
			isa = PBXVariantGroup;
			children = (
				469648F1225B040A00D22DB9 /* Base */,
			);
			name = LaunchScreen.storyboard;
			sourceTree = "<group>";
		};
/* End PBXVariantGroup section */

/* Begin XCBuildConfiguration section */
		4696490A225B040B00D22DB9 /* Debug */ = {
			isa = XCBuildConfiguration;
			buildSettings = {
				ALWAYS_SEARCH_USER_PATHS = NO;
				CLANG_ANALYZER_NONNULL = YES;
				CLANG_ANALYZER_NUMBER_OBJECT_CONVERSION = YES_AGGRESSIVE;
				CLANG_CXX_LANGUAGE_STANDARD = "gnu++14";
				CLANG_CXX_LIBRARY = "libc++";
				CLANG_ENABLE_MODULES = YES;
				CLANG_ENABLE_OBJC_ARC = YES;
				CLANG_ENABLE_OBJC_WEAK = YES;
				CLANG_WARN_BLOCK_CAPTURE_AUTORELEASING = YES;
				CLANG_WARN_BOOL_CONVERSION = YES;
				CLANG_WARN_COMMA = YES;
				CLANG_WARN_CONSTANT_CONVERSION = YES;
				CLANG_WARN_DEPRECATED_OBJC_IMPLEMENTATIONS = YES;
				CLANG_WARN_DIRECT_OBJC_ISA_USAGE = YES_ERROR;
				CLANG_WARN_DOCUMENTATION_COMMENTS = YES;
				CLANG_WARN_EMPTY_BODY = YES;
				CLANG_WARN_ENUM_CONVERSION = YES;
				CLANG_WARN_INFINITE_RECURSION = YES;
				CLANG_WARN_INT_CONVERSION = YES;
				CLANG_WARN_NON_LITERAL_NULL_CONVERSION = YES;
				CLANG_WARN_OBJC_IMPLICIT_RETAIN_SELF = YES;
				CLANG_WARN_OBJC_LITERAL_CONVERSION = YES;
				CLANG_WARN_OBJC_ROOT_CLASS = YES_ERROR;
				CLANG_WARN_RANGE_LOOP_ANALYSIS = YES;
				CLANG_WARN_STRICT_PROTOTYPES = YES;
				CLANG_WARN_SUSPICIOUS_MOVE = YES;
				CLANG_WARN_UNGUARDED_AVAILABILITY = YES_AGGRESSIVE;
				CLANG_WARN_UNREACHABLE_CODE = YES;
				CLANG_WARN__DUPLICATE_METHOD_MATCH = YES;
				CODE_SIGN_IDENTITY = "iPhone Developer";
				COPY_PHASE_STRIP = NO;
				DEBUG_INFORMATION_FORMAT = dwarf;
				ENABLE_STRICT_OBJC_MSGSEND = YES;
				ENABLE_TESTABILITY = YES;
				GCC_C_LANGUAGE_STANDARD = gnu11;
				GCC_DYNAMIC_NO_PIC = NO;
				GCC_NO_COMMON_BLOCKS = YES;
				GCC_OPTIMIZATION_LEVEL = 0;
				GCC_PREPROCESSOR_DEFINITIONS = (
					"DEBUG=1",
					"$(inherited)",
				);
				GCC_WARN_64_TO_32_BIT_CONVERSION = YES;
				GCC_WARN_ABOUT_RETURN_TYPE = YES_ERROR;
				GCC_WARN_UNDECLARED_SELECTOR = YES;
				GCC_WARN_UNINITIALIZED_AUTOS = YES_AGGRESSIVE;
				GCC_WARN_UNUSED_FUNCTION = YES;
				GCC_WARN_UNUSED_VARIABLE = YES;
				IPHONEOS_DEPLOYMENT_TARGET = 12.1;
				MTL_ENABLE_DEBUG_INFO = INCLUDE_SOURCE;
				MTL_FAST_MATH = YES;
				ONLY_ACTIVE_ARCH = YES;
				SDKROOT = iphoneos;
				SWIFT_ACTIVE_COMPILATION_CONDITIONS = DEBUG;
				SWIFT_OPTIMIZATION_LEVEL = "-Onone";
			};
			name = Debug;
		};
		4696490B225B040B00D22DB9 /* Release */ = {
			isa = XCBuildConfiguration;
			buildSettings = {
				ALWAYS_SEARCH_USER_PATHS = NO;
				CLANG_ANALYZER_NONNULL = YES;
				CLANG_ANALYZER_NUMBER_OBJECT_CONVERSION = YES_AGGRESSIVE;
				CLANG_CXX_LANGUAGE_STANDARD = "gnu++14";
				CLANG_CXX_LIBRARY = "libc++";
				CLANG_ENABLE_MODULES = YES;
				CLANG_ENABLE_OBJC_ARC = YES;
				CLANG_ENABLE_OBJC_WEAK = YES;
				CLANG_WARN_BLOCK_CAPTURE_AUTORELEASING = YES;
				CLANG_WARN_BOOL_CONVERSION = YES;
				CLANG_WARN_COMMA = YES;
				CLANG_WARN_CONSTANT_CONVERSION = YES;
				CLANG_WARN_DEPRECATED_OBJC_IMPLEMENTATIONS = YES;
				CLANG_WARN_DIRECT_OBJC_ISA_USAGE = YES_ERROR;
				CLANG_WARN_DOCUMENTATION_COMMENTS = YES;
				CLANG_WARN_EMPTY_BODY = YES;
				CLANG_WARN_ENUM_CONVERSION = YES;
				CLANG_WARN_INFINITE_RECURSION = YES;
				CLANG_WARN_INT_CONVERSION = YES;
				CLANG_WARN_NON_LITERAL_NULL_CONVERSION = YES;
				CLANG_WARN_OBJC_IMPLICIT_RETAIN_SELF = YES;
				CLANG_WARN_OBJC_LITERAL_CONVERSION = YES;
				CLANG_WARN_OBJC_ROOT_CLASS = YES_ERROR;
				CLANG_WARN_RANGE_LOOP_ANALYSIS = YES;
				CLANG_WARN_STRICT_PROTOTYPES = YES;
				CLANG_WARN_SUSPICIOUS_MOVE = YES;
				CLANG_WARN_UNGUARDED_AVAILABILITY = YES_AGGRESSIVE;
				CLANG_WARN_UNREACHABLE_CODE = YES;
				CLANG_WARN__DUPLICATE_METHOD_MATCH = YES;
				CODE_SIGN_IDENTITY = "iPhone Developer";
				COPY_PHASE_STRIP = NO;
				DEBUG_INFORMATION_FORMAT = "dwarf-with-dsym";
				ENABLE_NS_ASSERTIONS = NO;
				ENABLE_STRICT_OBJC_MSGSEND = YES;
				GCC_C_LANGUAGE_STANDARD = gnu11;
				GCC_NO_COMMON_BLOCKS = YES;
				GCC_WARN_64_TO_32_BIT_CONVERSION = YES;
				GCC_WARN_ABOUT_RETURN_TYPE = YES_ERROR;
				GCC_WARN_UNDECLARED_SELECTOR = YES;
				GCC_WARN_UNINITIALIZED_AUTOS = YES_AGGRESSIVE;
				GCC_WARN_UNUSED_FUNCTION = YES;
				GCC_WARN_UNUSED_VARIABLE = YES;
				IPHONEOS_DEPLOYMENT_TARGET = 12.1;
				MTL_ENABLE_DEBUG_INFO = NO;
				MTL_FAST_MATH = YES;
				SDKROOT = iphoneos;
				SWIFT_COMPILATION_MODE = wholemodule;
				SWIFT_OPTIMIZATION_LEVEL = "-O";
				VALIDATE_PRODUCT = YES;
			};
			name = Release;
		};
		4696490D225B040B00D22DB9 /* Debug */ = {
			isa = XCBuildConfiguration;
			baseConfigurationReference = 02A84D5567E23A023E742A70 /* Pods-Petgram.debug.xcconfig */;
			buildSettings = {
				ASSETCATALOG_COMPILER_APPICON_NAME = AppIcon;
				CODE_SIGN_STYLE = Automatic;
				DEBUG_INFORMATION_FORMAT = "dwarf-with-dsym";
				DEVELOPMENT_TEAM = GMN25XC68X;
				INFOPLIST_FILE = Petgram/Info.plist;
				LD_RUNPATH_SEARCH_PATHS = (
					"$(inherited)",
					"@executable_path/Frameworks",
				);
				PRODUCT_BUNDLE_IDENTIFIER = com.animal.Petgram;
				PRODUCT_NAME = "$(TARGET_NAME)";
				SWIFT_VERSION = 4.2;
				TARGETED_DEVICE_FAMILY = "1,2";
			};
			name = Debug;
		};
		4696490E225B040B00D22DB9 /* Release */ = {
			isa = XCBuildConfiguration;
			baseConfigurationReference = 488A829196D2715448EDE29F /* Pods-Petgram.release.xcconfig */;
			buildSettings = {
				ASSETCATALOG_COMPILER_APPICON_NAME = AppIcon;
				CODE_SIGN_STYLE = Automatic;
				DEVELOPMENT_TEAM = GMN25XC68X;
				INFOPLIST_FILE = Petgram/Info.plist;
				LD_RUNPATH_SEARCH_PATHS = (
					"$(inherited)",
					"@executable_path/Frameworks",
				);
				PRODUCT_BUNDLE_IDENTIFIER = com.animal.Petgram;
				PRODUCT_NAME = "$(TARGET_NAME)";
				SWIFT_VERSION = 4.2;
				TARGETED_DEVICE_FAMILY = "1,2";
			};
			name = Release;
		};
		46964910225B040B00D22DB9 /* Debug */ = {
			isa = XCBuildConfiguration;
			baseConfigurationReference = EE90E3A1E43517C14CD68DAC /* Pods-PetgramTests.debug.xcconfig */;
			buildSettings = {
				ALWAYS_EMBED_SWIFT_STANDARD_LIBRARIES = YES;
				BUNDLE_LOADER = "$(TEST_HOST)";
				CODE_SIGN_STYLE = Automatic;
				DEVELOPMENT_TEAM = GMN25XC68X;
				INFOPLIST_FILE = PetgramTests/Info.plist;
				LD_RUNPATH_SEARCH_PATHS = (
					"$(inherited)",
					"@executable_path/Frameworks",
					"@loader_path/Frameworks",
				);
				PRODUCT_BUNDLE_IDENTIFIER = com.animal.PetgramTests;
				PRODUCT_NAME = "$(TARGET_NAME)";
				SWIFT_VERSION = 4.2;
				TARGETED_DEVICE_FAMILY = "1,2";
				TEST_HOST = "$(BUILT_PRODUCTS_DIR)/Petgram.app/Petgram";
			};
			name = Debug;
		};
		46964911225B040B00D22DB9 /* Release */ = {
			isa = XCBuildConfiguration;
			baseConfigurationReference = E61921CC5E8BC386955BD199 /* Pods-PetgramTests.release.xcconfig */;
			buildSettings = {
				ALWAYS_EMBED_SWIFT_STANDARD_LIBRARIES = YES;
				BUNDLE_LOADER = "$(TEST_HOST)";
				CODE_SIGN_STYLE = Automatic;
				DEVELOPMENT_TEAM = GMN25XC68X;
				INFOPLIST_FILE = PetgramTests/Info.plist;
				LD_RUNPATH_SEARCH_PATHS = (
					"$(inherited)",
					"@executable_path/Frameworks",
					"@loader_path/Frameworks",
				);
				PRODUCT_BUNDLE_IDENTIFIER = com.animal.PetgramTests;
				PRODUCT_NAME = "$(TARGET_NAME)";
				SWIFT_VERSION = 4.2;
				TARGETED_DEVICE_FAMILY = "1,2";
				TEST_HOST = "$(BUILT_PRODUCTS_DIR)/Petgram.app/Petgram";
			};
			name = Release;
		};
		46964913225B040B00D22DB9 /* Debug */ = {
			isa = XCBuildConfiguration;
			baseConfigurationReference = D272BC4293AF2E591DE71015 /* Pods-PetgramUITests.debug.xcconfig */;
			buildSettings = {
				ALWAYS_EMBED_SWIFT_STANDARD_LIBRARIES = YES;
				CODE_SIGN_STYLE = Automatic;
				DEVELOPMENT_TEAM = GMN25XC68X;
				INFOPLIST_FILE = PetgramUITests/Info.plist;
				LD_RUNPATH_SEARCH_PATHS = (
					"$(inherited)",
					"@executable_path/Frameworks",
					"@loader_path/Frameworks",
				);
				PRODUCT_BUNDLE_IDENTIFIER = com.animal.PetgramUITests;
				PRODUCT_NAME = "$(TARGET_NAME)";
				SWIFT_VERSION = 4.2;
				TARGETED_DEVICE_FAMILY = "1,2";
				TEST_TARGET_NAME = Petgram;
			};
			name = Debug;
		};
		46964914225B040B00D22DB9 /* Release */ = {
			isa = XCBuildConfiguration;
			baseConfigurationReference = F3AC4B79788EF069E891EF5F /* Pods-PetgramUITests.release.xcconfig */;
			buildSettings = {
				ALWAYS_EMBED_SWIFT_STANDARD_LIBRARIES = YES;
				CODE_SIGN_STYLE = Automatic;
				DEVELOPMENT_TEAM = GMN25XC68X;
				INFOPLIST_FILE = PetgramUITests/Info.plist;
				LD_RUNPATH_SEARCH_PATHS = (
					"$(inherited)",
					"@executable_path/Frameworks",
					"@loader_path/Frameworks",
				);
				PRODUCT_BUNDLE_IDENTIFIER = com.animal.PetgramUITests;
				PRODUCT_NAME = "$(TARGET_NAME)";
				SWIFT_VERSION = 4.2;
				TARGETED_DEVICE_FAMILY = "1,2";
				TEST_TARGET_NAME = Petgram;
			};
			name = Release;
		};
/* End XCBuildConfiguration section */

/* Begin XCConfigurationList section */
		469648DD225B040800D22DB9 /* Build configuration list for PBXProject "Petgram" */ = {
			isa = XCConfigurationList;
			buildConfigurations = (
				4696490A225B040B00D22DB9 /* Debug */,
				4696490B225B040B00D22DB9 /* Release */,
			);
			defaultConfigurationIsVisible = 0;
			defaultConfigurationName = Release;
		};
		4696490C225B040B00D22DB9 /* Build configuration list for PBXNativeTarget "Petgram" */ = {
			isa = XCConfigurationList;
			buildConfigurations = (
				4696490D225B040B00D22DB9 /* Debug */,
				4696490E225B040B00D22DB9 /* Release */,
			);
			defaultConfigurationIsVisible = 0;
			defaultConfigurationName = Release;
		};
		4696490F225B040B00D22DB9 /* Build configuration list for PBXNativeTarget "PetgramTests" */ = {
			isa = XCConfigurationList;
			buildConfigurations = (
				46964910225B040B00D22DB9 /* Debug */,
				46964911225B040B00D22DB9 /* Release */,
			);
			defaultConfigurationIsVisible = 0;
			defaultConfigurationName = Release;
		};
		46964912225B040B00D22DB9 /* Build configuration list for PBXNativeTarget "PetgramUITests" */ = {
			isa = XCConfigurationList;
			buildConfigurations = (
				46964913225B040B00D22DB9 /* Debug */,
				46964914225B040B00D22DB9 /* Release */,
			);
			defaultConfigurationIsVisible = 0;
			defaultConfigurationName = Release;
		};
/* End XCConfigurationList section */
	};
	rootObject = 469648DA225B040800D22DB9 /* Project object */;
}
